
Microsoft Visual Studio Solution File, Format Version 12.00
# Visual Studio Version 17
VisualStudioVersion = 17.2.32630.192
MinimumVisualStudioVersion = 10.0.40219.1
Project("{FAE04EC0-301F-11D3-BF4B-00C04F79EFBC}") = "01. Extract Person Information", "01. Extract Person Information\01. Extract Person Information.csproj", "{081AC123-276A-4933-ABA0-9C5601BACDC1}"
EndProject
Project("{FAE04EC0-301F-11D3-BF4B-00C04F79EFBC}") = "02. Ascii Sumator", "02. Ascii Sumator\02. Ascii Sumator.csproj", "{CA107ED8-719E-48E0-ABB3-2186B9833C24}"
EndProject
Project("{FAE04EC0-301F-11D3-BF4B-00C04F79EFBC}") = "03. Treasure Finder", "03. Treasure Finder\03. Treasure Finder.csproj", "{3586513E-D45B-4332-98B8-E87A497C264E}"
EndProject
Project("{FAE04EC0-301F-11D3-BF4B-00C04F79EFBC}") = "04. Morse Code Translator", "04. Morse Code Translator\04. Morse Code Translator.csproj", "{FC7014C1-8ED3-4387-8CE5-5429534F733D}"
EndProject
Project("{FAE04EC0-301F-11D3-BF4B-00C04F79EFBC}") = "05. HTML", "05. HTML\05. HTML.csproj", "{2953762C-5382-49D8-8269-FF59910CB31B}"
EndProject
Global
	GlobalSection(SolutionConfigurationPlatforms) = preSolution
		Debug|Any CPU = Debug|Any CPU
		Release|Any CPU = Release|Any CPU
	EndGlobalSection
	GlobalSection(ProjectConfigurationPlatforms) = postSolution
		{081AC123-276A-4933-ABA0-9C5601BACDC1}.Debug|Any CPU.ActiveCfg = Debug|Any CPU
		{081AC123-276A-4933-ABA0-9C5601BACDC1}.Debug|Any CPU.Build.0 = Debug|Any CPU
		{081AC123-276A-4933-ABA0-9C5601BACDC1}.Release|Any CPU.ActiveCfg = Release|Any CPU
		{081AC123-276A-4933-ABA0-9C5601BACDC1}.Release|Any CPU.Build.0 = Release|Any CPU
		{CA107ED8-719E-48E0-ABB3-2186B9833C24}.Debug|Any CPU.ActiveCfg = Debug|Any CPU
		{CA107ED8-719E-48E0-ABB3-2186B9833C24}.Debug|Any CPU.Build.0 = Debug|Any CPU
		{CA107ED8-719E-48E0-ABB3-2186B9833C24}.Release|Any CPU.ActiveCfg = Release|Any CPU
		{CA107ED8-719E-48E0-ABB3-2186B9833C24}.Release|Any CPU.Build.0 = Release|Any CPU
		{3586513E-D45B-4332-98B8-E87A497C264E}.Debug|Any CPU.ActiveCfg = Debug|Any CPU
		{3586513E-D45B-4332-98B8-E87A497C264E}.Debug|Any CPU.Build.0 = Debug|Any CPU
		{3586513E-D45B-4332-98B8-E87A497C264E}.Release|Any CPU.ActiveCfg = Release|Any CPU
		{3586513E-D45B-4332-98B8-E87A497C264E}.Release|Any CPU.Build.0 = Release|Any CPU
		{FC7014C1-8ED3-4387-8CE5-5429534F733D}.Debug|Any CPU.ActiveCfg = Debug|Any CPU
		{FC7014C1-8ED3-4387-8CE5-5429534F733D}.Debug|Any CPU.Build.0 = Debug|Any CPU
		{FC7014C1-8ED3-4387-8CE5-5429534F733D}.Release|Any CPU.ActiveCfg = Release|Any CPU
		{FC7014C1-8ED3-4387-8CE5-5429534F733D}.Release|Any CPU.Build.0 = Release|Any CPU
		{2953762C-5382-49D8-8269-FF59910CB31B}.Debug|Any CPU.ActiveCfg = Debug|Any CPU
		{2953762C-5382-49D8-8269-FF59910CB31B}.Debug|Any CPU.Build.0 = Debug|Any CPU
		{2953762C-5382-49D8-8269-FF59910CB31B}.Release|Any CPU.ActiveCfg = Release|Any CPU
		{2953762C-5382-49D8-8269-FF59910CB31B}.Release|Any CPU.Build.0 = Release|Any CPU
	EndGlobalSection
	GlobalSection(SolutionProperties) = preSolution
		HideSolutionNode = FALSE
	EndGlobalSection
	GlobalSection(ExtensibilityGlobals) = postSolution
		SolutionGuid = {3FB37124-965C-43C7-A874-A2FB6FFCD25B}
	EndGlobalSection
EndGlobal
