
Microsoft Visual Studio Solution File, Format Version 12.00
# Visual Studio Version 17
VisualStudioVersion = 17.3.32922.545
MinimumVisualStudioVersion = 10.0.40219.1
Project("{9A19103F-16F7-4668-BE54-9A1E7A4F7556}") = "01. Tiles Master", "01. Tiles Master\01. Tiles Master.csproj", "{FFCF423E-4F75-4236-9FB1-116DAC62FEE3}"
EndProject
Project("{9A19103F-16F7-4668-BE54-9A1E7A4F7556}") = "02.Wall Destroyer", "02.Wall Destroyer\02.Wall Destroyer.csproj", "{07FF374D-9E01-4A2F-A0FD-BD9C08628F06}"
EndProject
Project("{9A19103F-16F7-4668-BE54-9A1E7A4F7556}") = "Renovators", "..\..\..\SoftUni УсловияНаЗадачи\C# Advanced\00. Exam Preparation\1\Renovators-Skeleton\Renovators.csproj", "{95C3DCA8-E688-4B21-94AD-FBA09F8EB599}"
EndProject
Global
	GlobalSection(SolutionConfigurationPlatforms) = preSolution
		Debug|Any CPU = Debug|Any CPU
		Release|Any CPU = Release|Any CPU
	EndGlobalSection
	GlobalSection(ProjectConfigurationPlatforms) = postSolution
		{FFCF423E-4F75-4236-9FB1-116DAC62FEE3}.Debug|Any CPU.ActiveCfg = Debug|Any CPU
		{FFCF423E-4F75-4236-9FB1-116DAC62FEE3}.Debug|Any CPU.Build.0 = Debug|Any CPU
		{FFCF423E-4F75-4236-9FB1-116DAC62FEE3}.Release|Any CPU.ActiveCfg = Release|Any CPU
		{FFCF423E-4F75-4236-9FB1-116DAC62FEE3}.Release|Any CPU.Build.0 = Release|Any CPU
		{07FF374D-9E01-4A2F-A0FD-BD9C08628F06}.Debug|Any CPU.ActiveCfg = Debug|Any CPU
		{07FF374D-9E01-4A2F-A0FD-BD9C08628F06}.Debug|Any CPU.Build.0 = Debug|Any CPU
		{07FF374D-9E01-4A2F-A0FD-BD9C08628F06}.Release|Any CPU.ActiveCfg = Release|Any CPU
		{07FF374D-9E01-4A2F-A0FD-BD9C08628F06}.Release|Any CPU.Build.0 = Release|Any CPU
		{95C3DCA8-E688-4B21-94AD-FBA09F8EB599}.Debug|Any CPU.ActiveCfg = Debug|Any CPU
		{95C3DCA8-E688-4B21-94AD-FBA09F8EB599}.Debug|Any CPU.Build.0 = Debug|Any CPU
		{95C3DCA8-E688-4B21-94AD-FBA09F8EB599}.Release|Any CPU.ActiveCfg = Release|Any CPU
		{95C3DCA8-E688-4B21-94AD-FBA09F8EB599}.Release|Any CPU.Build.0 = Release|Any CPU
	EndGlobalSection
	GlobalSection(SolutionProperties) = preSolution
		HideSolutionNode = FALSE
	EndGlobalSection
	GlobalSection(ExtensibilityGlobals) = postSolution
		SolutionGuid = {C924C72D-A24E-4D57-98BC-EDE8522AAA76}
	EndGlobalSection
EndGlobal
