
Microsoft Visual Studio Solution File, Format Version 12.00
# Visual Studio Version 17
VisualStudioVersion = 17.2.32630.192
MinimumVisualStudioVersion = 10.0.40219.1
Project("{FAE04EC0-301F-11D3-BF4B-00C04F79EFBC}") = "01. String Game", "01. String Game\01. String Game.csproj", "{B807CC6B-CD7E-474D-949A-A747602F6621}"
EndProject
Project("{FAE04EC0-301F-11D3-BF4B-00C04F79EFBC}") = "02. Message Translator", "02. Message Translator\02. Message Translator.csproj", "{9DC50C12-4A3B-4F02-B838-226F67EBCF63}"
EndProject
Project("{FAE04EC0-301F-11D3-BF4B-00C04F79EFBC}") = "03. Degustation Party", "03. Degustation Party\03. Degustation Party.csproj", "{A8081C22-4A5F-48D9-B00E-B291F7B417FB}"
EndProject
Project("{FAE04EC0-301F-11D3-BF4B-00C04F79EFBC}") = "demo", "demo\demo.csproj", "{BB12D6E3-A946-45D5-9623-27F0BACF373C}"
EndProject
Global
	GlobalSection(SolutionConfigurationPlatforms) = preSolution
		Debug|Any CPU = Debug|Any CPU
		Release|Any CPU = Release|Any CPU
	EndGlobalSection
	GlobalSection(ProjectConfigurationPlatforms) = postSolution
		{B807CC6B-CD7E-474D-949A-A747602F6621}.Debug|Any CPU.ActiveCfg = Debug|Any CPU
		{B807CC6B-CD7E-474D-949A-A747602F6621}.Debug|Any CPU.Build.0 = Debug|Any CPU
		{B807CC6B-CD7E-474D-949A-A747602F6621}.Release|Any CPU.ActiveCfg = Release|Any CPU
		{B807CC6B-CD7E-474D-949A-A747602F6621}.Release|Any CPU.Build.0 = Release|Any CPU
		{9DC50C12-4A3B-4F02-B838-226F67EBCF63}.Debug|Any CPU.ActiveCfg = Debug|Any CPU
		{9DC50C12-4A3B-4F02-B838-226F67EBCF63}.Debug|Any CPU.Build.0 = Debug|Any CPU
		{9DC50C12-4A3B-4F02-B838-226F67EBCF63}.Release|Any CPU.ActiveCfg = Release|Any CPU
		{9DC50C12-4A3B-4F02-B838-226F67EBCF63}.Release|Any CPU.Build.0 = Release|Any CPU
		{A8081C22-4A5F-48D9-B00E-B291F7B417FB}.Debug|Any CPU.ActiveCfg = Debug|Any CPU
		{A8081C22-4A5F-48D9-B00E-B291F7B417FB}.Debug|Any CPU.Build.0 = Debug|Any CPU
		{A8081C22-4A5F-48D9-B00E-B291F7B417FB}.Release|Any CPU.ActiveCfg = Release|Any CPU
		{A8081C22-4A5F-48D9-B00E-B291F7B417FB}.Release|Any CPU.Build.0 = Release|Any CPU
		{BB12D6E3-A946-45D5-9623-27F0BACF373C}.Debug|Any CPU.ActiveCfg = Debug|Any CPU
		{BB12D6E3-A946-45D5-9623-27F0BACF373C}.Debug|Any CPU.Build.0 = Debug|Any CPU
		{BB12D6E3-A946-45D5-9623-27F0BACF373C}.Release|Any CPU.ActiveCfg = Release|Any CPU
		{BB12D6E3-A946-45D5-9623-27F0BACF373C}.Release|Any CPU.Build.0 = Release|Any CPU
	EndGlobalSection
	GlobalSection(SolutionProperties) = preSolution
		HideSolutionNode = FALSE
	EndGlobalSection
	GlobalSection(ExtensibilityGlobals) = postSolution
		SolutionGuid = {4C649837-EE4A-4C0D-A6CF-BA3199119355}
	EndGlobalSection
EndGlobal
