
Microsoft Visual Studio Solution File, Format Version 12.00
# Visual Studio Version 17
VisualStudioVersion = 17.3.32922.545
MinimumVisualStudioVersion = 10.0.40219.1
Project("{FAE04EC0-301F-11D3-BF4B-00C04F79EFBC}") = "01. Lootbox", "01. Lootbox\01. Lootbox.csproj", "{DCE49C0D-D038-4780-97DD-ADBFC8C9C3F1}"
EndProject
Project("{FAE04EC0-301F-11D3-BF4B-00C04F79EFBC}") = "02. Re-Volt", "02. Re-Volt\02. Re-Volt.csproj", "{03621532-EED7-41FF-877C-9016279BB6A6}"
EndProject
Project("{9A19103F-16F7-4668-BE54-9A1E7A4F7556}") = "Guild", "..\..\..\SoftUni УсловияНаЗадачи\C# Advanced\00. Exam Preparation\9. C# Advanced Exam - 22 Feb 2020\03. Guild_Skeleton\Guild\Guild.csproj", "{61B7DFA3-D1E9-41BB-A7E3-14C687FD57E4}"
EndProject
Global
	GlobalSection(SolutionConfigurationPlatforms) = preSolution
		Debug|Any CPU = Debug|Any CPU
		Release|Any CPU = Release|Any CPU
	EndGlobalSection
	GlobalSection(ProjectConfigurationPlatforms) = postSolution
		{DCE49C0D-D038-4780-97DD-ADBFC8C9C3F1}.Debug|Any CPU.ActiveCfg = Debug|Any CPU
		{DCE49C0D-D038-4780-97DD-ADBFC8C9C3F1}.Debug|Any CPU.Build.0 = Debug|Any CPU
		{DCE49C0D-D038-4780-97DD-ADBFC8C9C3F1}.Release|Any CPU.ActiveCfg = Release|Any CPU
		{DCE49C0D-D038-4780-97DD-ADBFC8C9C3F1}.Release|Any CPU.Build.0 = Release|Any CPU
		{03621532-EED7-41FF-877C-9016279BB6A6}.Debug|Any CPU.ActiveCfg = Debug|Any CPU
		{03621532-EED7-41FF-877C-9016279BB6A6}.Debug|Any CPU.Build.0 = Debug|Any CPU
		{03621532-EED7-41FF-877C-9016279BB6A6}.Release|Any CPU.ActiveCfg = Release|Any CPU
		{03621532-EED7-41FF-877C-9016279BB6A6}.Release|Any CPU.Build.0 = Release|Any CPU
		{61B7DFA3-D1E9-41BB-A7E3-14C687FD57E4}.Debug|Any CPU.ActiveCfg = Debug|Any CPU
		{61B7DFA3-D1E9-41BB-A7E3-14C687FD57E4}.Debug|Any CPU.Build.0 = Debug|Any CPU
		{61B7DFA3-D1E9-41BB-A7E3-14C687FD57E4}.Release|Any CPU.ActiveCfg = Release|Any CPU
		{61B7DFA3-D1E9-41BB-A7E3-14C687FD57E4}.Release|Any CPU.Build.0 = Release|Any CPU
	EndGlobalSection
	GlobalSection(SolutionProperties) = preSolution
		HideSolutionNode = FALSE
	EndGlobalSection
	GlobalSection(ExtensibilityGlobals) = postSolution
		SolutionGuid = {41EA62B4-8156-4768-A858-EBB43C3BB51B}
	EndGlobalSection
EndGlobal
