
Microsoft Visual Studio Solution File, Format Version 12.00
# Visual Studio Version 17
VisualStudioVersion = 17.3.32922.545
MinimumVisualStudioVersion = 10.0.40219.1
Project("{FAE04EC0-301F-11D3-BF4B-00C04F79EFBC}") = "01. Energy Drinks", "01. Energy Drinks\01. Energy Drinks.csproj", "{40C63820-3470-4978-8D96-C519417A03FD}"
EndProject
Project("{FAE04EC0-301F-11D3-BF4B-00C04F79EFBC}") = "02. Rally Racing", "02. Rally Racing\02. Rally Racing.csproj", "{D410C6A8-20EF-405E-8F83-0CBE68DF6F70}"
EndProject
Project("{9A19103F-16F7-4668-BE54-9A1E7A4F7556}") = "ComputerArchitecture", "..\..\..\SoftUni УсловияНаЗадачи\C# Advanced\000 Изпит 22.10.22\03. Computer Architecture_Skeleton\ComputerArchitecture.csproj", "{8D8E375B-3D34-400A-BF14-16B0E4C9CC8E}"
EndProject
Global
	GlobalSection(SolutionConfigurationPlatforms) = preSolution
		Debug|Any CPU = Debug|Any CPU
		Release|Any CPU = Release|Any CPU
	EndGlobalSection
	GlobalSection(ProjectConfigurationPlatforms) = postSolution
		{40C63820-3470-4978-8D96-C519417A03FD}.Debug|Any CPU.ActiveCfg = Debug|Any CPU
		{40C63820-3470-4978-8D96-C519417A03FD}.Debug|Any CPU.Build.0 = Debug|Any CPU
		{40C63820-3470-4978-8D96-C519417A03FD}.Release|Any CPU.ActiveCfg = Release|Any CPU
		{40C63820-3470-4978-8D96-C519417A03FD}.Release|Any CPU.Build.0 = Release|Any CPU
		{D410C6A8-20EF-405E-8F83-0CBE68DF6F70}.Debug|Any CPU.ActiveCfg = Debug|Any CPU
		{D410C6A8-20EF-405E-8F83-0CBE68DF6F70}.Debug|Any CPU.Build.0 = Debug|Any CPU
		{D410C6A8-20EF-405E-8F83-0CBE68DF6F70}.Release|Any CPU.ActiveCfg = Release|Any CPU
		{D410C6A8-20EF-405E-8F83-0CBE68DF6F70}.Release|Any CPU.Build.0 = Release|Any CPU
		{8D8E375B-3D34-400A-BF14-16B0E4C9CC8E}.Debug|Any CPU.ActiveCfg = Debug|Any CPU
		{8D8E375B-3D34-400A-BF14-16B0E4C9CC8E}.Debug|Any CPU.Build.0 = Debug|Any CPU
		{8D8E375B-3D34-400A-BF14-16B0E4C9CC8E}.Release|Any CPU.ActiveCfg = Release|Any CPU
		{8D8E375B-3D34-400A-BF14-16B0E4C9CC8E}.Release|Any CPU.Build.0 = Release|Any CPU
	EndGlobalSection
	GlobalSection(SolutionProperties) = preSolution
		HideSolutionNode = FALSE
	EndGlobalSection
	GlobalSection(ExtensibilityGlobals) = postSolution
		SolutionGuid = {3BE8EB13-5DB8-407F-8E8F-894FAD987B14}
	EndGlobalSection
EndGlobal
