
Microsoft Visual Studio Solution File, Format Version 12.00
# Visual Studio Version 17
VisualStudioVersion = 17.2.32630.192
MinimumVisualStudioVersion = 10.0.40219.1
Project("{FAE04EC0-301F-11D3-BF4B-00C04F79EFBC}") = "01. Valid Usernames", "01. Valid Usernames\01. Valid Usernames.csproj", "{650EAC10-4984-463E-9434-241937BDB57E}"
EndProject
Project("{FAE04EC0-301F-11D3-BF4B-00C04F79EFBC}") = "02. Character Multiplier", "02. Character Multiplier\02. Character Multiplier.csproj", "{34D5BC7B-D68A-47DA-BD38-58D0F4D88360}"
EndProject
Project("{FAE04EC0-301F-11D3-BF4B-00C04F79EFBC}") = "03. Extract File", "03. Extract File\03. Extract File.csproj", "{96245043-EA54-4E04-8EF9-46510E68CB07}"
EndProject
Project("{FAE04EC0-301F-11D3-BF4B-00C04F79EFBC}") = "04. Caesar Cipher", "04. Caesar Cipher\04. Caesar Cipher.csproj", "{BB906CC3-086C-48CA-B2BC-FBE81F6F2EB9}"
EndProject
Project("{FAE04EC0-301F-11D3-BF4B-00C04F79EFBC}") = "05. Multiply Big Number", "05. Multiply Big Number\05. Multiply Big Number.csproj", "{8C53979F-1B2B-40A5-96E0-DA8ED790B084}"
EndProject
Project("{FAE04EC0-301F-11D3-BF4B-00C04F79EFBC}") = "06. Replace Repeating Chars", "06. Replace Repeating Chars\06. Replace Repeating Chars.csproj", "{0A051523-A24B-4FFF-A623-7CC931D2B981}"
EndProject
Project("{FAE04EC0-301F-11D3-BF4B-00C04F79EFBC}") = "07. String Explosion", "07. String Explosion\07. String Explosion.csproj", "{364CAFD8-EC1F-42A4-9D8A-98A4AF59E85C}"
EndProject
Project("{FAE04EC0-301F-11D3-BF4B-00C04F79EFBC}") = "08. Letters Change Numbers", "08. Letters Change Numbers\08. Letters Change Numbers.csproj", "{B5385D02-6570-47DA-B9DD-E6D1AA6F83B0}"
EndProject
Global
	GlobalSection(SolutionConfigurationPlatforms) = preSolution
		Debug|Any CPU = Debug|Any CPU
		Release|Any CPU = Release|Any CPU
	EndGlobalSection
	GlobalSection(ProjectConfigurationPlatforms) = postSolution
		{650EAC10-4984-463E-9434-241937BDB57E}.Debug|Any CPU.ActiveCfg = Debug|Any CPU
		{650EAC10-4984-463E-9434-241937BDB57E}.Debug|Any CPU.Build.0 = Debug|Any CPU
		{650EAC10-4984-463E-9434-241937BDB57E}.Release|Any CPU.ActiveCfg = Release|Any CPU
		{650EAC10-4984-463E-9434-241937BDB57E}.Release|Any CPU.Build.0 = Release|Any CPU
		{34D5BC7B-D68A-47DA-BD38-58D0F4D88360}.Debug|Any CPU.ActiveCfg = Debug|Any CPU
		{34D5BC7B-D68A-47DA-BD38-58D0F4D88360}.Debug|Any CPU.Build.0 = Debug|Any CPU
		{34D5BC7B-D68A-47DA-BD38-58D0F4D88360}.Release|Any CPU.ActiveCfg = Release|Any CPU
		{34D5BC7B-D68A-47DA-BD38-58D0F4D88360}.Release|Any CPU.Build.0 = Release|Any CPU
		{96245043-EA54-4E04-8EF9-46510E68CB07}.Debug|Any CPU.ActiveCfg = Debug|Any CPU
		{96245043-EA54-4E04-8EF9-46510E68CB07}.Debug|Any CPU.Build.0 = Debug|Any CPU
		{96245043-EA54-4E04-8EF9-46510E68CB07}.Release|Any CPU.ActiveCfg = Release|Any CPU
		{96245043-EA54-4E04-8EF9-46510E68CB07}.Release|Any CPU.Build.0 = Release|Any CPU
		{BB906CC3-086C-48CA-B2BC-FBE81F6F2EB9}.Debug|Any CPU.ActiveCfg = Debug|Any CPU
		{BB906CC3-086C-48CA-B2BC-FBE81F6F2EB9}.Debug|Any CPU.Build.0 = Debug|Any CPU
		{BB906CC3-086C-48CA-B2BC-FBE81F6F2EB9}.Release|Any CPU.ActiveCfg = Release|Any CPU
		{BB906CC3-086C-48CA-B2BC-FBE81F6F2EB9}.Release|Any CPU.Build.0 = Release|Any CPU
		{8C53979F-1B2B-40A5-96E0-DA8ED790B084}.Debug|Any CPU.ActiveCfg = Debug|Any CPU
		{8C53979F-1B2B-40A5-96E0-DA8ED790B084}.Debug|Any CPU.Build.0 = Debug|Any CPU
		{8C53979F-1B2B-40A5-96E0-DA8ED790B084}.Release|Any CPU.ActiveCfg = Release|Any CPU
		{8C53979F-1B2B-40A5-96E0-DA8ED790B084}.Release|Any CPU.Build.0 = Release|Any CPU
		{0A051523-A24B-4FFF-A623-7CC931D2B981}.Debug|Any CPU.ActiveCfg = Debug|Any CPU
		{0A051523-A24B-4FFF-A623-7CC931D2B981}.Debug|Any CPU.Build.0 = Debug|Any CPU
		{0A051523-A24B-4FFF-A623-7CC931D2B981}.Release|Any CPU.ActiveCfg = Release|Any CPU
		{0A051523-A24B-4FFF-A623-7CC931D2B981}.Release|Any CPU.Build.0 = Release|Any CPU
		{364CAFD8-EC1F-42A4-9D8A-98A4AF59E85C}.Debug|Any CPU.ActiveCfg = Debug|Any CPU
		{364CAFD8-EC1F-42A4-9D8A-98A4AF59E85C}.Debug|Any CPU.Build.0 = Debug|Any CPU
		{364CAFD8-EC1F-42A4-9D8A-98A4AF59E85C}.Release|Any CPU.ActiveCfg = Release|Any CPU
		{364CAFD8-EC1F-42A4-9D8A-98A4AF59E85C}.Release|Any CPU.Build.0 = Release|Any CPU
		{B5385D02-6570-47DA-B9DD-E6D1AA6F83B0}.Debug|Any CPU.ActiveCfg = Debug|Any CPU
		{B5385D02-6570-47DA-B9DD-E6D1AA6F83B0}.Debug|Any CPU.Build.0 = Debug|Any CPU
		{B5385D02-6570-47DA-B9DD-E6D1AA6F83B0}.Release|Any CPU.ActiveCfg = Release|Any CPU
		{B5385D02-6570-47DA-B9DD-E6D1AA6F83B0}.Release|Any CPU.Build.0 = Release|Any CPU
	EndGlobalSection
	GlobalSection(SolutionProperties) = preSolution
		HideSolutionNode = FALSE
	EndGlobalSection
	GlobalSection(ExtensibilityGlobals) = postSolution
		SolutionGuid = {EEB13D1A-E1EE-4893-A8EF-EF6B9B08FBAE}
	EndGlobalSection
EndGlobal
