
Microsoft Visual Studio Solution File, Format Version 12.00
# Visual Studio Version 17
VisualStudioVersion = 17.2.32602.215
MinimumVisualStudioVersion = 10.0.40219.1
Project("{FAE04EC0-301F-11D3-BF4B-00C04F79EFBC}") = "01.Encrypt, Sort, and Print Array", "01.Encrypt, Sort, and Print Array\01.Encrypt, Sort, and Print Array.csproj", "{EB240936-B909-4270-8783-FF4FC85F401C}"
EndProject
Global
	GlobalSection(SolutionConfigurationPlatforms) = preSolution
		Debug|Any CPU = Debug|Any CPU
		Release|Any CPU = Release|Any CPU
	EndGlobalSection
	GlobalSection(ProjectConfigurationPlatforms) = postSolution
		{EB240936-B909-4270-8783-FF4FC85F401C}.Debug|Any CPU.ActiveCfg = Debug|Any CPU
		{EB240936-B909-4270-8783-FF4FC85F401C}.Debug|Any CPU.Build.0 = Debug|Any CPU
		{EB240936-B909-4270-8783-FF4FC85F401C}.Release|Any CPU.ActiveCfg = Release|Any CPU
		{EB240936-B909-4270-8783-FF4FC85F401C}.Release|Any CPU.Build.0 = Release|Any CPU
	EndGlobalSection
	GlobalSection(SolutionProperties) = preSolution
		HideSolutionNode = FALSE
	EndGlobalSection
	GlobalSection(ExtensibilityGlobals) = postSolution
		SolutionGuid = {B7B1DDFE-D8D1-47BF-8B4B-C570D5513851}
	EndGlobalSection
EndGlobal
