
Microsoft Visual Studio Solution File, Format Version 12.00
# Visual Studio Version 17
VisualStudioVersion = 17.3.32901.215
MinimumVisualStudioVersion = 10.0.40219.1
Project("{FAE04EC0-301F-11D3-BF4B-00C04F79EFBC}") = "01. Sort Even Numbers", "01. Sort Even Numbers\01. Sort Even Numbers.csproj", "{CCCE4933-08F5-4DF8-A24D-DC3884CABE9B}"
EndProject
Project("{FAE04EC0-301F-11D3-BF4B-00C04F79EFBC}") = "02. Sum Numbers", "02. Sum Numbers\02. Sum Numbers.csproj", "{825FA41B-0693-473E-BAC3-EE5BFC37C658}"
EndProject
Project("{FAE04EC0-301F-11D3-BF4B-00C04F79EFBC}") = "03. Count Uppercase Words", "03. Count Uppercase Words\03. Count Uppercase Words.csproj", "{1BB7D36D-37D5-4A0F-B5BE-23E6B1C3975F}"
EndProject
Project("{FAE04EC0-301F-11D3-BF4B-00C04F79EFBC}") = "04. Add VAT", "04. Add VAT\04. Add VAT.csproj", "{1E02C4BC-1511-4FE0-A12E-3799895CF7A8}"
EndProject
Project("{FAE04EC0-301F-11D3-BF4B-00C04F79EFBC}") = "05. Filter By Age", "05. Filter By Age\05. Filter By Age.csproj", "{8A8B7EBA-455C-48C0-B5AB-2F738484D79C}"
EndProject
Global
	GlobalSection(SolutionConfigurationPlatforms) = preSolution
		Debug|Any CPU = Debug|Any CPU
		Release|Any CPU = Release|Any CPU
	EndGlobalSection
	GlobalSection(ProjectConfigurationPlatforms) = postSolution
		{CCCE4933-08F5-4DF8-A24D-DC3884CABE9B}.Debug|Any CPU.ActiveCfg = Debug|Any CPU
		{CCCE4933-08F5-4DF8-A24D-DC3884CABE9B}.Debug|Any CPU.Build.0 = Debug|Any CPU
		{CCCE4933-08F5-4DF8-A24D-DC3884CABE9B}.Release|Any CPU.ActiveCfg = Release|Any CPU
		{CCCE4933-08F5-4DF8-A24D-DC3884CABE9B}.Release|Any CPU.Build.0 = Release|Any CPU
		{825FA41B-0693-473E-BAC3-EE5BFC37C658}.Debug|Any CPU.ActiveCfg = Debug|Any CPU
		{825FA41B-0693-473E-BAC3-EE5BFC37C658}.Debug|Any CPU.Build.0 = Debug|Any CPU
		{825FA41B-0693-473E-BAC3-EE5BFC37C658}.Release|Any CPU.ActiveCfg = Release|Any CPU
		{825FA41B-0693-473E-BAC3-EE5BFC37C658}.Release|Any CPU.Build.0 = Release|Any CPU
		{1BB7D36D-37D5-4A0F-B5BE-23E6B1C3975F}.Debug|Any CPU.ActiveCfg = Debug|Any CPU
		{1BB7D36D-37D5-4A0F-B5BE-23E6B1C3975F}.Debug|Any CPU.Build.0 = Debug|Any CPU
		{1BB7D36D-37D5-4A0F-B5BE-23E6B1C3975F}.Release|Any CPU.ActiveCfg = Release|Any CPU
		{1BB7D36D-37D5-4A0F-B5BE-23E6B1C3975F}.Release|Any CPU.Build.0 = Release|Any CPU
		{1E02C4BC-1511-4FE0-A12E-3799895CF7A8}.Debug|Any CPU.ActiveCfg = Debug|Any CPU
		{1E02C4BC-1511-4FE0-A12E-3799895CF7A8}.Debug|Any CPU.Build.0 = Debug|Any CPU
		{1E02C4BC-1511-4FE0-A12E-3799895CF7A8}.Release|Any CPU.ActiveCfg = Release|Any CPU
		{1E02C4BC-1511-4FE0-A12E-3799895CF7A8}.Release|Any CPU.Build.0 = Release|Any CPU
		{8A8B7EBA-455C-48C0-B5AB-2F738484D79C}.Debug|Any CPU.ActiveCfg = Debug|Any CPU
		{8A8B7EBA-455C-48C0-B5AB-2F738484D79C}.Debug|Any CPU.Build.0 = Debug|Any CPU
		{8A8B7EBA-455C-48C0-B5AB-2F738484D79C}.Release|Any CPU.ActiveCfg = Release|Any CPU
		{8A8B7EBA-455C-48C0-B5AB-2F738484D79C}.Release|Any CPU.Build.0 = Release|Any CPU
	EndGlobalSection
	GlobalSection(SolutionProperties) = preSolution
		HideSolutionNode = FALSE
	EndGlobalSection
	GlobalSection(ExtensibilityGlobals) = postSolution
		SolutionGuid = {D6D60851-3194-4CEA-A276-F70139A634D5}
	EndGlobalSection
EndGlobal
