
Microsoft Visual Studio Solution File, Format Version 12.00
# Visual Studio Version 17
VisualStudioVersion = 17.2.32616.157
MinimumVisualStudioVersion = 10.0.40219.1
Project("{FAE04EC0-301F-11D3-BF4B-00C04F79EFBC}") = "01. Company Roster", "01. Company Roster\01. Company Roster.csproj", "{46A1882D-DD93-449B-B8A7-EA7D8C209AD9}"
EndProject
Project("{FAE04EC0-301F-11D3-BF4B-00C04F79EFBC}") = "02. Oldest Family Member", "02. Oldest Family Member\02. Oldest Family Member.csproj", "{30E8C80F-581D-4944-A566-3C0007A9FF22}"
EndProject
Project("{FAE04EC0-301F-11D3-BF4B-00C04F79EFBC}") = "03. Speed Racing", "03. Speed Racing\03. Speed Racing.csproj", "{CBEEB908-B632-4ADA-B1EA-F075A16AF840}"
EndProject
Project("{FAE04EC0-301F-11D3-BF4B-00C04F79EFBC}") = "04. Raw Data", "04. Raw Data\04. Raw Data.csproj", "{1229777F-4ADE-4F59-AF30-1A143A7C908C}"
EndProject
Project("{FAE04EC0-301F-11D3-BF4B-00C04F79EFBC}") = "05. Shopping Spree", "05. Shopping Spree\05. Shopping Spree.csproj", "{E4BC198F-71AD-4273-9913-B16A67631C00}"
EndProject
Global
	GlobalSection(SolutionConfigurationPlatforms) = preSolution
		Debug|Any CPU = Debug|Any CPU
		Release|Any CPU = Release|Any CPU
	EndGlobalSection
	GlobalSection(ProjectConfigurationPlatforms) = postSolution
		{46A1882D-DD93-449B-B8A7-EA7D8C209AD9}.Debug|Any CPU.ActiveCfg = Debug|Any CPU
		{46A1882D-DD93-449B-B8A7-EA7D8C209AD9}.Debug|Any CPU.Build.0 = Debug|Any CPU
		{46A1882D-DD93-449B-B8A7-EA7D8C209AD9}.Release|Any CPU.ActiveCfg = Release|Any CPU
		{46A1882D-DD93-449B-B8A7-EA7D8C209AD9}.Release|Any CPU.Build.0 = Release|Any CPU
		{30E8C80F-581D-4944-A566-3C0007A9FF22}.Debug|Any CPU.ActiveCfg = Debug|Any CPU
		{30E8C80F-581D-4944-A566-3C0007A9FF22}.Debug|Any CPU.Build.0 = Debug|Any CPU
		{30E8C80F-581D-4944-A566-3C0007A9FF22}.Release|Any CPU.ActiveCfg = Release|Any CPU
		{30E8C80F-581D-4944-A566-3C0007A9FF22}.Release|Any CPU.Build.0 = Release|Any CPU
		{CBEEB908-B632-4ADA-B1EA-F075A16AF840}.Debug|Any CPU.ActiveCfg = Debug|Any CPU
		{CBEEB908-B632-4ADA-B1EA-F075A16AF840}.Debug|Any CPU.Build.0 = Debug|Any CPU
		{CBEEB908-B632-4ADA-B1EA-F075A16AF840}.Release|Any CPU.ActiveCfg = Release|Any CPU
		{CBEEB908-B632-4ADA-B1EA-F075A16AF840}.Release|Any CPU.Build.0 = Release|Any CPU
		{1229777F-4ADE-4F59-AF30-1A143A7C908C}.Debug|Any CPU.ActiveCfg = Debug|Any CPU
		{1229777F-4ADE-4F59-AF30-1A143A7C908C}.Debug|Any CPU.Build.0 = Debug|Any CPU
		{1229777F-4ADE-4F59-AF30-1A143A7C908C}.Release|Any CPU.ActiveCfg = Release|Any CPU
		{1229777F-4ADE-4F59-AF30-1A143A7C908C}.Release|Any CPU.Build.0 = Release|Any CPU
		{E4BC198F-71AD-4273-9913-B16A67631C00}.Debug|Any CPU.ActiveCfg = Debug|Any CPU
		{E4BC198F-71AD-4273-9913-B16A67631C00}.Debug|Any CPU.Build.0 = Debug|Any CPU
		{E4BC198F-71AD-4273-9913-B16A67631C00}.Release|Any CPU.ActiveCfg = Release|Any CPU
		{E4BC198F-71AD-4273-9913-B16A67631C00}.Release|Any CPU.Build.0 = Release|Any CPU
	EndGlobalSection
	GlobalSection(SolutionProperties) = preSolution
		HideSolutionNode = FALSE
	EndGlobalSection
	GlobalSection(ExtensibilityGlobals) = postSolution
		SolutionGuid = {13DEBC1B-B803-40CF-8490-42B646D26FF8}
	EndGlobalSection
EndGlobal
